
Microsoft Visual Studio Solution File, Format Version 12.00
# Visual Studio Version 17
VisualStudioVersion = 17.14.36623.8
MinimumVisualStudioVersion = 10.0.40219.1
Project("{FAE04EC0-301F-11D3-BF4B-00C04F79EFBC}") = "ManagementBackend", "ManagementBackend\ManagementBackend.csproj", "{FA80C4AA-513C-4F3E-8F46-D8E0FBB289FD}"
EndProject
Project("{FAE04EC0-301F-11D3-BF4B-00C04F79EFBC}") = "BungeeCordIntegration", "BungeeCordIntegration\BungeeCordIntegration.csproj", "{D1B5A05F-0D3A-F50D-CAC1-7625C3AEADDF}"
EndProject
Global
	GlobalSection(SolutionConfigurationPlatforms) = preSolution
		Debug|Any CPU = Debug|Any CPU
		Release|Any CPU = Release|Any CPU
	EndGlobalSection
	GlobalSection(ProjectConfigurationPlatforms) = postSolution
		{FA80C4AA-513C-4F3E-8F46-D8E0FBB289FD}.Debug|Any CPU.ActiveCfg = Debug|Any CPU
		{FA80C4AA-513C-4F3E-8F46-D8E0FBB289FD}.Debug|Any CPU.Build.0 = Debug|Any CPU
		{FA80C4AA-513C-4F3E-8F46-D8E0FBB289FD}.Release|Any CPU.ActiveCfg = Release|Any CPU
		{FA80C4AA-513C-4F3E-8F46-D8E0FBB289FD}.Release|Any CPU.Build.0 = Release|Any CPU
		{D1B5A05F-0D3A-F50D-CAC1-7625C3AEADDF}.Debug|Any CPU.ActiveCfg = Debug|Any CPU
		{D1B5A05F-0D3A-F50D-CAC1-7625C3AEADDF}.Debug|Any CPU.Build.0 = Debug|Any CPU
		{D1B5A05F-0D3A-F50D-CAC1-7625C3AEADDF}.Release|Any CPU.ActiveCfg = Release|Any CPU
		{D1B5A05F-0D3A-F50D-CAC1-7625C3AEADDF}.Release|Any CPU.Build.0 = Release|Any CPU
	EndGlobalSection
	GlobalSection(SolutionProperties) = preSolution
		HideSolutionNode = FALSE
	EndGlobalSection
	GlobalSection(ExtensibilityGlobals) = postSolution
		SolutionGuid = {ABCAF3A2-1B23-494B-AD6C-F02EC2F2DE42}
	EndGlobalSection
EndGlobal
